
Microsoft Visual Studio Solution File, Format Version 12.00
# Visual Studio Version 16
VisualStudioVersion = 16.0.29709.97
MinimumVisualStudioVersion = 10.0.40219.1
Project("{8BC9CEB8-8B4A-11D0-8D11-00A0C91BC942}") = "Day 4 Homework", "Day 4 Homework\Day 4 Homework.vcxproj", "{BED2CF91-149F-41C8-B765-CC9967E9BD1F}"
EndProject
Global
	GlobalSection(SolutionConfigurationPlatforms) = preSolution
		Debug|x64 = Debug|x64
		Debug|x86 = Debug|x86
		Release|x64 = Release|x64
		Release|x86 = Release|x86
	EndGlobalSection
	GlobalSection(ProjectConfigurationPlatforms) = postSolution
		{BED2CF91-149F-41C8-B765-CC9967E9BD1F}.Debug|x64.ActiveCfg = Debug|x64
		{BED2CF91-149F-41C8-B765-CC9967E9BD1F}.Debug|x64.Build.0 = Debug|x64
		{BED2CF91-149F-41C8-B765-CC9967E9BD1F}.Debug|x86.ActiveCfg = Debug|Win32
		{BED2CF91-149F-41C8-B765-CC9967E9BD1F}.Debug|x86.Build.0 = Debug|Win32
		{BED2CF91-149F-41C8-B765-CC9967E9BD1F}.Release|x64.ActiveCfg = Release|x64
		{BED2CF91-149F-41C8-B765-CC9967E9BD1F}.Release|x64.Build.0 = Release|x64
		{BED2CF91-149F-41C8-B765-CC9967E9BD1F}.Release|x86.ActiveCfg = Release|Win32
		{BED2CF91-149F-41C8-B765-CC9967E9BD1F}.Release|x86.Build.0 = Release|Win32
	EndGlobalSection
	GlobalSection(SolutionProperties) = preSolution
		HideSolutionNode = FALSE
	EndGlobalSection
	GlobalSection(ExtensibilityGlobals) = postSolution
		SolutionGuid = {4EDC6A02-A847-44D0-A2D8-DA628D8B821B}
	EndGlobalSection
EndGlobal
